
Microsoft Visual Studio Solution File, Format Version 12.00
# Visual Studio Version 17
VisualStudioVersion = 17.0.32014.148
MinimumVisualStudioVersion = 10.0.40219.1
Project("{9A19103F-16F7-4668-BE54-9A1E7A4F7556}") = "StuRemotePty", "StuRemotePty\StuRemotePty.csproj", "{9E7B44FD-898A-44F5-86F8-4ABC30E4B589}"
EndProject
Project("{2150E333-8FDC-42A3-9474-1A3956D46DE8}") = "samples", "samples", "{6CC476B1-0EE2-4DA1-9E8D-F5FB0EEDBA63}"
EndProject
Project("{9A19103F-16F7-4668-BE54-9A1E7A4F7556}") = "RemoteClient", "Samples\RemoteClient\RemoteClient.csproj", "{555EA55A-1831-4D33-B70E-2B516185A425}"
EndProject
Project("{9A19103F-16F7-4668-BE54-9A1E7A4F7556}") = "RemoteServer", "Samples\RemoteServer\RemoteServer.csproj", "{5C5552D4-D693-41E9-B16E-9E5792A707A5}"
EndProject
Global
	GlobalSection(SolutionConfigurationPlatforms) = preSolution
		Debug|Any CPU = Debug|Any CPU
		Release|Any CPU = Release|Any CPU
	EndGlobalSection
	GlobalSection(ProjectConfigurationPlatforms) = postSolution
		{9E7B44FD-898A-44F5-86F8-4ABC30E4B589}.Debug|Any CPU.ActiveCfg = Debug|Any CPU
		{9E7B44FD-898A-44F5-86F8-4ABC30E4B589}.Debug|Any CPU.Build.0 = Debug|Any CPU
		{9E7B44FD-898A-44F5-86F8-4ABC30E4B589}.Release|Any CPU.ActiveCfg = Release|Any CPU
		{9E7B44FD-898A-44F5-86F8-4ABC30E4B589}.Release|Any CPU.Build.0 = Release|Any CPU
		{555EA55A-1831-4D33-B70E-2B516185A425}.Debug|Any CPU.ActiveCfg = Debug|Any CPU
		{555EA55A-1831-4D33-B70E-2B516185A425}.Debug|Any CPU.Build.0 = Debug|Any CPU
		{555EA55A-1831-4D33-B70E-2B516185A425}.Release|Any CPU.ActiveCfg = Release|Any CPU
		{555EA55A-1831-4D33-B70E-2B516185A425}.Release|Any CPU.Build.0 = Release|Any CPU
		{5C5552D4-D693-41E9-B16E-9E5792A707A5}.Debug|Any CPU.ActiveCfg = Debug|Any CPU
		{5C5552D4-D693-41E9-B16E-9E5792A707A5}.Debug|Any CPU.Build.0 = Debug|Any CPU
		{5C5552D4-D693-41E9-B16E-9E5792A707A5}.Release|Any CPU.ActiveCfg = Release|Any CPU
		{5C5552D4-D693-41E9-B16E-9E5792A707A5}.Release|Any CPU.Build.0 = Release|Any CPU
	EndGlobalSection
	GlobalSection(SolutionProperties) = preSolution
		HideSolutionNode = FALSE
	EndGlobalSection
	GlobalSection(NestedProjects) = preSolution
		{555EA55A-1831-4D33-B70E-2B516185A425} = {6CC476B1-0EE2-4DA1-9E8D-F5FB0EEDBA63}
		{5C5552D4-D693-41E9-B16E-9E5792A707A5} = {6CC476B1-0EE2-4DA1-9E8D-F5FB0EEDBA63}
	EndGlobalSection
	GlobalSection(ExtensibilityGlobals) = postSolution
		SolutionGuid = {E227F582-D32A-40EF-9700-6AD6A5952E36}
	EndGlobalSection
EndGlobal
